
Microsoft Visual Studio Solution File, Format Version 12.00
# Visual Studio Version 16
VisualStudioVersion = 16.0.30907.101
MinimumVisualStudioVersion = 10.0.40219.1
Project("{8BC9CEB8-8B4A-11D0-8D11-00A0C91BC942}") = "template sfml", "template sfml\template sfml.vcxproj", "{F1FE6B72-D80F-4455-B116-1C9F0D2A45E9}"
EndProject
Global
	GlobalSection(SolutionConfigurationPlatforms) = preSolution
		Debug|x64 = Debug|x64
		Debug|x86 = Debug|x86
		Release|x64 = Release|x64
		Release|x86 = Release|x86
	EndGlobalSection
	GlobalSection(ProjectConfigurationPlatforms) = postSolution
		{F1FE6B72-D80F-4455-B116-1C9F0D2A45E9}.Debug|x64.ActiveCfg = Debug|x64
		{F1FE6B72-D80F-4455-B116-1C9F0D2A45E9}.Debug|x64.Build.0 = Debug|x64
		{F1FE6B72-D80F-4455-B116-1C9F0D2A45E9}.Debug|x86.ActiveCfg = Debug|Win32
		{F1FE6B72-D80F-4455-B116-1C9F0D2A45E9}.Debug|x86.Build.0 = Debug|Win32
		{F1FE6B72-D80F-4455-B116-1C9F0D2A45E9}.Release|x64.ActiveCfg = Release|x64
		{F1FE6B72-D80F-4455-B116-1C9F0D2A45E9}.Release|x64.Build.0 = Release|x64
		{F1FE6B72-D80F-4455-B116-1C9F0D2A45E9}.Release|x86.ActiveCfg = Release|Win32
		{F1FE6B72-D80F-4455-B116-1C9F0D2A45E9}.Release|x86.Build.0 = Release|Win32
	EndGlobalSection
	GlobalSection(SolutionProperties) = preSolution
		HideSolutionNode = FALSE
	EndGlobalSection
	GlobalSection(ExtensibilityGlobals) = postSolution
		SolutionGuid = {B86D09B7-6DBB-4C99-8A83-3B99B4ADC5D1}
	EndGlobalSection
EndGlobal
